
Microsoft Visual Studio Solution File, Format Version 12.00
# Visual Studio Version 17
VisualStudioVersion = 17.9.34723.18
MinimumVisualStudioVersion = 10.0.40219.1
Project("{9A19103F-16F7-4668-BE54-9A1E7A4F7556}") = "WpfApp_LessonControls", "WpfApp_LessonControls\WpfApp_LessonControls.csproj", "{400597A3-98EE-4E7D-B684-73E4B07360A8}"
EndProject
Global
	GlobalSection(SolutionConfigurationPlatforms) = preSolution
		Debug|Any CPU = Debug|Any CPU
		Release|Any CPU = Release|Any CPU
	EndGlobalSection
	GlobalSection(ProjectConfigurationPlatforms) = postSolution
		{400597A3-98EE-4E7D-B684-73E4B07360A8}.Debug|Any CPU.ActiveCfg = Debug|Any CPU
		{400597A3-98EE-4E7D-B684-73E4B07360A8}.Debug|Any CPU.Build.0 = Debug|Any CPU
		{400597A3-98EE-4E7D-B684-73E4B07360A8}.Release|Any CPU.ActiveCfg = Release|Any CPU
		{400597A3-98EE-4E7D-B684-73E4B07360A8}.Release|Any CPU.Build.0 = Release|Any CPU
	EndGlobalSection
	GlobalSection(SolutionProperties) = preSolution
		HideSolutionNode = FALSE
	EndGlobalSection
	GlobalSection(ExtensibilityGlobals) = postSolution
		SolutionGuid = {EA4806A2-320C-4FC4-9E5C-278E00CE25D5}
	EndGlobalSection
EndGlobal
